// !$*UTF8*$!
{
	archiveVersion = 1;
	classes = {
	};
	objectVersion = 46;
	objects = {

/* Begin PBXBuildFile section */
		3407149E1C99DC5800F6E2CF /* AnswerSQLiteAdapter.m in Sources */ = {isa = PBXBuildFile; fileRef = 3407149D1C99DC5800F6E2CF /* AnswerSQLiteAdapter.m */; };
		340714A11C99E78200F6E2CF /* QuestionSQLiteAdapter.m in Sources */ = {isa = PBXBuildFile; fileRef = 340714A01C99E78200F6E2CF /* QuestionSQLiteAdapter.m */; };
		340714A41C99EF3100F6E2CF /* QcmUserSQLiteAdapter.m in Sources */ = {isa = PBXBuildFile; fileRef = 340714A31C99EF3100F6E2CF /* QcmUserSQLiteAdapter.m */; };
		342ED31B1CC7FA1F00AE19E5 /* QuestionViewController.m in Sources */ = {isa = PBXBuildFile; fileRef = 342ED31A1CC7FA1F00AE19E5 /* QuestionViewController.m */; };
		34690A751C9071980026FCD8 /* QcmSQLiteAdapter.m in Sources */ = {isa = PBXBuildFile; fileRef = 34690A741C9071980026FCD8 /* QcmSQLiteAdapter.m */; };
		347373541CA1B4CE0039B05E /* UserWebserviceAdapter.m in Sources */ = {isa = PBXBuildFile; fileRef = 347373531CA1B4CE0039B05E /* UserWebserviceAdapter.m */; };
		347373791CA1B7060039B05E /* AFHTTPSessionManager.m in Sources */ = {isa = PBXBuildFile; fileRef = 347373581CA1B7060039B05E /* AFHTTPSessionManager.m */; };
		3473737A1CA1B7060039B05E /* AFNetworkReachabilityManager.m in Sources */ = {isa = PBXBuildFile; fileRef = 3473735B1CA1B7060039B05E /* AFNetworkReachabilityManager.m */; };
		3473737B1CA1B7060039B05E /* AFSecurityPolicy.m in Sources */ = {isa = PBXBuildFile; fileRef = 3473735D1CA1B7060039B05E /* AFSecurityPolicy.m */; };
		3473737C1CA1B7060039B05E /* AFURLRequestSerialization.m in Sources */ = {isa = PBXBuildFile; fileRef = 3473735F1CA1B7060039B05E /* AFURLRequestSerialization.m */; };
		3473737D1CA1B7060039B05E /* AFURLResponseSerialization.m in Sources */ = {isa = PBXBuildFile; fileRef = 347373611CA1B7060039B05E /* AFURLResponseSerialization.m */; };
		3473737E1CA1B7060039B05E /* AFURLSessionManager.m in Sources */ = {isa = PBXBuildFile; fileRef = 347373631CA1B7060039B05E /* AFURLSessionManager.m */; };
		3473737F1CA1B7060039B05E /* AFAutoPurgingImageCache.m in Sources */ = {isa = PBXBuildFile; fileRef = 347373661CA1B7060039B05E /* AFAutoPurgingImageCache.m */; };
		347373801CA1B7060039B05E /* AFImageDownloader.m in Sources */ = {isa = PBXBuildFile; fileRef = 347373681CA1B7060039B05E /* AFImageDownloader.m */; };
		347373811CA1B7060039B05E /* AFNetworkActivityIndicatorManager.m in Sources */ = {isa = PBXBuildFile; fileRef = 3473736A1CA1B7060039B05E /* AFNetworkActivityIndicatorManager.m */; };
		347373821CA1B7060039B05E /* UIActivityIndicatorView+AFNetworking.m in Sources */ = {isa = PBXBuildFile; fileRef = 3473736C1CA1B7060039B05E /* UIActivityIndicatorView+AFNetworking.m */; };
		347373831CA1B7060039B05E /* UIButton+AFNetworking.m in Sources */ = {isa = PBXBuildFile; fileRef = 3473736E1CA1B7060039B05E /* UIButton+AFNetworking.m */; };
		347373841CA1B7060039B05E /* UIImageView+AFNetworking.m in Sources */ = {isa = PBXBuildFile; fileRef = 347373711CA1B7060039B05E /* UIImageView+AFNetworking.m */; };
		347373851CA1B7060039B05E /* UIProgressView+AFNetworking.m in Sources */ = {isa = PBXBuildFile; fileRef = 347373741CA1B7060039B05E /* UIProgressView+AFNetworking.m */; };
		347373861CA1B7060039B05E /* UIRefreshControl+AFNetworking.m in Sources */ = {isa = PBXBuildFile; fileRef = 347373761CA1B7060039B05E /* UIRefreshControl+AFNetworking.m */; };
		347373871CA1B7060039B05E /* UIWebView+AFNetworking.m in Sources */ = {isa = PBXBuildFile; fileRef = 347373781CA1B7060039B05E /* UIWebView+AFNetworking.m */; };
		3484FDF81CC93F2A007F9F86 /* checked.png in Resources */ = {isa = PBXBuildFile; fileRef = 3484FDF71CC93F2A007F9F86 /* checked.png */; };
		3484FDFC1CC94323007F9F86 /* unchecked.jpg in Resources */ = {isa = PBXBuildFile; fileRef = 3484FDFB1CC94323007F9F86 /* unchecked.jpg */; };
		348A8E631CC6A34B00E4C3D5 /* CategoryQcmTableViewController.m in Sources */ = {isa = PBXBuildFile; fileRef = 348A8E621CC6A34B00E4C3D5 /* CategoryQcmTableViewController.m */; };
		348A8E661CC6A49100E4C3D5 /* CategoryQcmTableViewCell.m in Sources */ = {isa = PBXBuildFile; fileRef = 348A8E651CC6A49100E4C3D5 /* CategoryQcmTableViewCell.m */; };
		348A8E691CC6CAFA00E4C3D5 /* QcmTableViewCell.m in Sources */ = {isa = PBXBuildFile; fileRef = 348A8E681CC6CAFA00E4C3D5 /* QcmTableViewCell.m */; };
		348A8E6C1CC6CB2400E4C3D5 /* QcmTableViewController.m in Sources */ = {isa = PBXBuildFile; fileRef = 348A8E6B1CC6CB2400E4C3D5 /* QcmTableViewController.m */; };
		348E57CF1C8F21BF0082AEA4 /* CategoryQcmSQLiteAdapter.m in Sources */ = {isa = PBXBuildFile; fileRef = 348E57CE1C8F21BF0082AEA4 /* CategoryQcmSQLiteAdapter.m */; };
		34CEF0E01C8DB21B000E9C13 /* main.m in Sources */ = {isa = PBXBuildFile; fileRef = 34CEF0DF1C8DB21B000E9C13 /* main.m */; };
		34CEF0E31C8DB21B000E9C13 /* AppDelegate.m in Sources */ = {isa = PBXBuildFile; fileRef = 34CEF0E21C8DB21B000E9C13 /* AppDelegate.m */; };
		34CEF0E61C8DB21B000E9C13 /* ViewController.m in Sources */ = {isa = PBXBuildFile; fileRef = 34CEF0E51C8DB21B000E9C13 /* ViewController.m */; };
		34CEF0E91C8DB21B000E9C13 /* Main.storyboard in Resources */ = {isa = PBXBuildFile; fileRef = 34CEF0E71C8DB21B000E9C13 /* Main.storyboard */; };
		34CEF0EC1C8DB21B000E9C13 /* myqcm.xcdatamodeld in Sources */ = {isa = PBXBuildFile; fileRef = 34CEF0EA1C8DB21B000E9C13 /* myqcm.xcdatamodeld */; };
		34CEF0EE1C8DB21B000E9C13 /* Assets.xcassets in Resources */ = {isa = PBXBuildFile; fileRef = 34CEF0ED1C8DB21B000E9C13 /* Assets.xcassets */; };
		34CEF0F11C8DB21B000E9C13 /* LaunchScreen.storyboard in Resources */ = {isa = PBXBuildFile; fileRef = 34CEF0EF1C8DB21B000E9C13 /* LaunchScreen.storyboard */; };
		34CEF0FC1C8DB21B000E9C13 /* myqcmTests.m in Sources */ = {isa = PBXBuildFile; fileRef = 34CEF0FB1C8DB21B000E9C13 /* myqcmTests.m */; };
		34CEF10B1C8DB6E2000E9C13 /* User.m in Sources */ = {isa = PBXBuildFile; fileRef = 34CEF10A1C8DB6E2000E9C13 /* User.m */; };
		34CEF10F1C8DB996000E9C13 /* Group.m in Sources */ = {isa = PBXBuildFile; fileRef = 34CEF10E1C8DB996000E9C13 /* Group.m */; };
		34CEF1151C8DBBE9000E9C13 /* CategoryQcm.m in Sources */ = {isa = PBXBuildFile; fileRef = 34CEF1141C8DBBE9000E9C13 /* CategoryQcm.m */; };
		34CEF1181C8DBCA5000E9C13 /* Qcm.m in Sources */ = {isa = PBXBuildFile; fileRef = 34CEF1171C8DBCA5000E9C13 /* Qcm.m */; };
		34CEF11B1C8DBE62000E9C13 /* Question.m in Sources */ = {isa = PBXBuildFile; fileRef = 34CEF11A1C8DBE62000E9C13 /* Question.m */; };
		34CEF11E1C8DBF2A000E9C13 /* Answer.m in Sources */ = {isa = PBXBuildFile; fileRef = 34CEF11D1C8DBF2A000E9C13 /* Answer.m */; };
		34CEF1211C8DC267000E9C13 /* QcmUser.m in Sources */ = {isa = PBXBuildFile; fileRef = 34CEF1201C8DC267000E9C13 /* QcmUser.m */; };
		34CEF1241C8DC7CD000E9C13 /* GroupSQLiteAdapter.m in Sources */ = {isa = PBXBuildFile; fileRef = 34CEF1231C8DC7CD000E9C13 /* GroupSQLiteAdapter.m */; };
		34CEF12A1C8DD335000E9C13 /* UserSQLiteAdapter.m in Sources */ = {isa = PBXBuildFile; fileRef = 34CEF1291C8DD335000E9C13 /* UserSQLiteAdapter.m */; };
/* End PBXBuildFile section */

/* Begin PBXContainerItemProxy section */
		34CEF0F81C8DB21B000E9C13 /* PBXContainerItemProxy */ = {
			isa = PBXContainerItemProxy;
			containerPortal = 34CEF0D31C8DB21B000E9C13 /* Project object */;
			proxyType = 1;
			remoteGlobalIDString = 34CEF0DA1C8DB21B000E9C13;
			remoteInfo = myqcm;
		};
/* End PBXContainerItemProxy section */

/* Begin PBXFileReference section */
		3407149C1C99DC5800F6E2CF /* AnswerSQLiteAdapter.h */ = {isa = PBXFileReference; fileEncoding = 4; lastKnownFileType = sourcecode.c.h; name = AnswerSQLiteAdapter.h; path = data/AnswerSQLiteAdapter.h; sourceTree = "<group>"; };
		3407149D1C99DC5800F6E2CF /* AnswerSQLiteAdapter.m */ = {isa = PBXFileReference; fileEncoding = 4; lastKnownFileType = sourcecode.c.objc; name = AnswerSQLiteAdapter.m; path = data/AnswerSQLiteAdapter.m; sourceTree = "<group>"; };
		3407149F1C99E78200F6E2CF /* QuestionSQLiteAdapter.h */ = {isa = PBXFileReference; fileEncoding = 4; lastKnownFileType = sourcecode.c.h; name = QuestionSQLiteAdapter.h; path = data/QuestionSQLiteAdapter.h; sourceTree = "<group>"; };
		340714A01C99E78200F6E2CF /* QuestionSQLiteAdapter.m */ = {isa = PBXFileReference; fileEncoding = 4; lastKnownFileType = sourcecode.c.objc; name = QuestionSQLiteAdapter.m; path = data/QuestionSQLiteAdapter.m; sourceTree = "<group>"; };
		340714A21C99EF3100F6E2CF /* QcmUserSQLiteAdapter.h */ = {isa = PBXFileReference; fileEncoding = 4; lastKnownFileType = sourcecode.c.h; name = QcmUserSQLiteAdapter.h; path = data/QcmUserSQLiteAdapter.h; sourceTree = "<group>"; };
		340714A31C99EF3100F6E2CF /* QcmUserSQLiteAdapter.m */ = {isa = PBXFileReference; fileEncoding = 4; lastKnownFileType = sourcecode.c.objc; name = QcmUserSQLiteAdapter.m; path = data/QcmUserSQLiteAdapter.m; sourceTree = "<group>"; };
		342ED3191CC7FA1F00AE19E5 /* QuestionViewController.h */ = {isa = PBXFileReference; fileEncoding = 4; lastKnownFileType = sourcecode.c.h; name = QuestionViewController.h; path = view/QuestionViewController.h; sourceTree = "<group>"; };
		342ED31A1CC7FA1F00AE19E5 /* QuestionViewController.m */ = {isa = PBXFileReference; fileEncoding = 4; lastKnownFileType = sourcecode.c.objc; name = QuestionViewController.m; path = view/QuestionViewController.m; sourceTree = "<group>"; };
		34690A731C9071980026FCD8 /* QcmSQLiteAdapter.h */ = {isa = PBXFileReference; fileEncoding = 4; lastKnownFileType = sourcecode.c.h; name = QcmSQLiteAdapter.h; path = data/QcmSQLiteAdapter.h; sourceTree = "<group>"; };
		34690A741C9071980026FCD8 /* QcmSQLiteAdapter.m */ = {isa = PBXFileReference; fileEncoding = 4; lastKnownFileType = sourcecode.c.objc; name = QcmSQLiteAdapter.m; path = data/QcmSQLiteAdapter.m; sourceTree = "<group>"; };
		347373521CA1B4CE0039B05E /* UserWebserviceAdapter.h */ = {isa = PBXFileReference; fileEncoding = 4; lastKnownFileType = sourcecode.c.h; name = UserWebserviceAdapter.h; path = webservice/UserWebserviceAdapter.h; sourceTree = "<group>"; };
		347373531CA1B4CE0039B05E /* UserWebserviceAdapter.m */ = {isa = PBXFileReference; fileEncoding = 4; lastKnownFileType = sourcecode.c.objc; name = UserWebserviceAdapter.m; path = webservice/UserWebserviceAdapter.m; sourceTree = "<group>"; };
		347373571CA1B7060039B05E /* AFHTTPSessionManager.h */ = {isa = PBXFileReference; fileEncoding = 4; lastKnownFileType = sourcecode.c.h; path = AFHTTPSessionManager.h; sourceTree = "<group>"; };
		347373581CA1B7060039B05E /* AFHTTPSessionManager.m */ = {isa = PBXFileReference; fileEncoding = 4; lastKnownFileType = sourcecode.c.objc; path = AFHTTPSessionManager.m; sourceTree = "<group>"; };
		347373591CA1B7060039B05E /* AFNetworking.h */ = {isa = PBXFileReference; fileEncoding = 4; lastKnownFileType = sourcecode.c.h; path = AFNetworking.h; sourceTree = "<group>"; };
		3473735A1CA1B7060039B05E /* AFNetworkReachabilityManager.h */ = {isa = PBXFileReference; fileEncoding = 4; lastKnownFileType = sourcecode.c.h; path = AFNetworkReachabilityManager.h; sourceTree = "<group>"; };
		3473735B1CA1B7060039B05E /* AFNetworkReachabilityManager.m */ = {isa = PBXFileReference; fileEncoding = 4; lastKnownFileType = sourcecode.c.objc; path = AFNetworkReachabilityManager.m; sourceTree = "<group>"; };
		3473735C1CA1B7060039B05E /* AFSecurityPolicy.h */ = {isa = PBXFileReference; fileEncoding = 4; lastKnownFileType = sourcecode.c.h; path = AFSecurityPolicy.h; sourceTree = "<group>"; };
		3473735D1CA1B7060039B05E /* AFSecurityPolicy.m */ = {isa = PBXFileReference; fileEncoding = 4; lastKnownFileType = sourcecode.c.objc; path = AFSecurityPolicy.m; sourceTree = "<group>"; };
		3473735E1CA1B7060039B05E /* AFURLRequestSerialization.h */ = {isa = PBXFileReference; fileEncoding = 4; lastKnownFileType = sourcecode.c.h; path = AFURLRequestSerialization.h; sourceTree = "<group>"; };
		3473735F1CA1B7060039B05E /* AFURLRequestSerialization.m */ = {isa = PBXFileReference; fileEncoding = 4; lastKnownFileType = sourcecode.c.objc; path = AFURLRequestSerialization.m; sourceTree = "<group>"; };
		347373601CA1B7060039B05E /* AFURLResponseSerialization.h */ = {isa = PBXFileReference; fileEncoding = 4; lastKnownFileType = sourcecode.c.h; path = AFURLResponseSerialization.h; sourceTree = "<group>"; };
		347373611CA1B7060039B05E /* AFURLResponseSerialization.m */ = {isa = PBXFileReference; fileEncoding = 4; lastKnownFileType = sourcecode.c.objc; path = AFURLResponseSerialization.m; sourceTree = "<group>"; };
		347373621CA1B7060039B05E /* AFURLSessionManager.h */ = {isa = PBXFileReference; fileEncoding = 4; lastKnownFileType = sourcecode.c.h; path = AFURLSessionManager.h; sourceTree = "<group>"; };
		347373631CA1B7060039B05E /* AFURLSessionManager.m */ = {isa = PBXFileReference; fileEncoding = 4; lastKnownFileType = sourcecode.c.objc; path = AFURLSessionManager.m; sourceTree = "<group>"; };
		347373651CA1B7060039B05E /* AFAutoPurgingImageCache.h */ = {isa = PBXFileReference; fileEncoding = 4; lastKnownFileType = sourcecode.c.h; path = AFAutoPurgingImageCache.h; sourceTree = "<group>"; };
		347373661CA1B7060039B05E /* AFAutoPurgingImageCache.m */ = {isa = PBXFileReference; fileEncoding = 4; lastKnownFileType = sourcecode.c.objc; path = AFAutoPurgingImageCache.m; sourceTree = "<group>"; };
		347373671CA1B7060039B05E /* AFImageDownloader.h */ = {isa = PBXFileReference; fileEncoding = 4; lastKnownFileType = sourcecode.c.h; path = AFImageDownloader.h; sourceTree = "<group>"; };
		347373681CA1B7060039B05E /* AFImageDownloader.m */ = {isa = PBXFileReference; fileEncoding = 4; lastKnownFileType = sourcecode.c.objc; path = AFImageDownloader.m; sourceTree = "<group>"; };
		347373691CA1B7060039B05E /* AFNetworkActivityIndicatorManager.h */ = {isa = PBXFileReference; fileEncoding = 4; lastKnownFileType = sourcecode.c.h; path = AFNetworkActivityIndicatorManager.h; sourceTree = "<group>"; };
		3473736A1CA1B7060039B05E /* AFNetworkActivityIndicatorManager.m */ = {isa = PBXFileReference; fileEncoding = 4; lastKnownFileType = sourcecode.c.objc; path = AFNetworkActivityIndicatorManager.m; sourceTree = "<group>"; };
		3473736B1CA1B7060039B05E /* UIActivityIndicatorView+AFNetworking.h */ = {isa = PBXFileReference; fileEncoding = 4; lastKnownFileType = sourcecode.c.h; path = "UIActivityIndicatorView+AFNetworking.h"; sourceTree = "<group>"; };
		3473736C1CA1B7060039B05E /* UIActivityIndicatorView+AFNetworking.m */ = {isa = PBXFileReference; fileEncoding = 4; lastKnownFileType = sourcecode.c.objc; path = "UIActivityIndicatorView+AFNetworking.m"; sourceTree = "<group>"; };
		3473736D1CA1B7060039B05E /* UIButton+AFNetworking.h */ = {isa = PBXFileReference; fileEncoding = 4; lastKnownFileType = sourcecode.c.h; path = "UIButton+AFNetworking.h"; sourceTree = "<group>"; };
		3473736E1CA1B7060039B05E /* UIButton+AFNetworking.m */ = {isa = PBXFileReference; fileEncoding = 4; lastKnownFileType = sourcecode.c.objc; path = "UIButton+AFNetworking.m"; sourceTree = "<group>"; };
		3473736F1CA1B7060039B05E /* UIImage+AFNetworking.h */ = {isa = PBXFileReference; fileEncoding = 4; lastKnownFileType = sourcecode.c.h; path = "UIImage+AFNetworking.h"; sourceTree = "<group>"; };
		347373701CA1B7060039B05E /* UIImageView+AFNetworking.h */ = {isa = PBXFileReference; fileEncoding = 4; lastKnownFileType = sourcecode.c.h; path = "UIImageView+AFNetworking.h"; sourceTree = "<group>"; };
		347373711CA1B7060039B05E /* UIImageView+AFNetworking.m */ = {isa = PBXFileReference; fileEncoding = 4; lastKnownFileType = sourcecode.c.objc; path = "UIImageView+AFNetworking.m"; sourceTree = "<group>"; };
		347373721CA1B7060039B05E /* UIKit+AFNetworking.h */ = {isa = PBXFileReference; fileEncoding = 4; lastKnownFileType = sourcecode.c.h; path = "UIKit+AFNetworking.h"; sourceTree = "<group>"; };
		347373731CA1B7060039B05E /* UIProgressView+AFNetworking.h */ = {isa = PBXFileReference; fileEncoding = 4; lastKnownFileType = sourcecode.c.h; path = "UIProgressView+AFNetworking.h"; sourceTree = "<group>"; };
		347373741CA1B7060039B05E /* UIProgressView+AFNetworking.m */ = {isa = PBXFileReference; fileEncoding = 4; lastKnownFileType = sourcecode.c.objc; path = "UIProgressView+AFNetworking.m"; sourceTree = "<group>"; };
		347373751CA1B7060039B05E /* UIRefreshControl+AFNetworking.h */ = {isa = PBXFileReference; fileEncoding = 4; lastKnownFileType = sourcecode.c.h; path = "UIRefreshControl+AFNetworking.h"; sourceTree = "<group>"; };
		347373761CA1B7060039B05E /* UIRefreshControl+AFNetworking.m */ = {isa = PBXFileReference; fileEncoding = 4; lastKnownFileType = sourcecode.c.objc; path = "UIRefreshControl+AFNetworking.m"; sourceTree = "<group>"; };
		347373771CA1B7060039B05E /* UIWebView+AFNetworking.h */ = {isa = PBXFileReference; fileEncoding = 4; lastKnownFileType = sourcecode.c.h; path = "UIWebView+AFNetworking.h"; sourceTree = "<group>"; };
		347373781CA1B7060039B05E /* UIWebView+AFNetworking.m */ = {isa = PBXFileReference; fileEncoding = 4; lastKnownFileType = sourcecode.c.objc; path = "UIWebView+AFNetworking.m"; sourceTree = "<group>"; };
		3484FDF71CC93F2A007F9F86 /* checked.png */ = {isa = PBXFileReference; lastKnownFileType = image.png; name = checked.png; path = ../../../../../Downloads/checked.png; sourceTree = "<group>"; };
		3484FDFB1CC94323007F9F86 /* unchecked.jpg */ = {isa = PBXFileReference; lastKnownFileType = image.jpeg; name = unchecked.jpg; path = ../../../../../Downloads/unchecked.jpg; sourceTree = "<group>"; };
		348A8E611CC6A34B00E4C3D5 /* CategoryQcmTableViewController.h */ = {isa = PBXFileReference; fileEncoding = 4; lastKnownFileType = sourcecode.c.h; name = CategoryQcmTableViewController.h; path = view/CategoryQcmTableViewController.h; sourceTree = "<group>"; };
		348A8E621CC6A34B00E4C3D5 /* CategoryQcmTableViewController.m */ = {isa = PBXFileReference; fileEncoding = 4; lastKnownFileType = sourcecode.c.objc; name = CategoryQcmTableViewController.m; path = view/CategoryQcmTableViewController.m; sourceTree = "<group>"; };
		348A8E641CC6A49100E4C3D5 /* CategoryQcmTableViewCell.h */ = {isa = PBXFileReference; fileEncoding = 4; lastKnownFileType = sourcecode.c.h; name = CategoryQcmTableViewCell.h; path = view/CategoryQcmTableViewCell.h; sourceTree = "<group>"; };
		348A8E651CC6A49100E4C3D5 /* CategoryQcmTableViewCell.m */ = {isa = PBXFileReference; fileEncoding = 4; lastKnownFileType = sourcecode.c.objc; name = CategoryQcmTableViewCell.m; path = view/CategoryQcmTableViewCell.m; sourceTree = "<group>"; };
		348A8E671CC6CAFA00E4C3D5 /* QcmTableViewCell.h */ = {isa = PBXFileReference; fileEncoding = 4; lastKnownFileType = sourcecode.c.h; path = QcmTableViewCell.h; sourceTree = "<group>"; };
		348A8E681CC6CAFA00E4C3D5 /* QcmTableViewCell.m */ = {isa = PBXFileReference; fileEncoding = 4; lastKnownFileType = sourcecode.c.objc; path = QcmTableViewCell.m; sourceTree = "<group>"; };
		348A8E6A1CC6CB2400E4C3D5 /* QcmTableViewController.h */ = {isa = PBXFileReference; fileEncoding = 4; lastKnownFileType = sourcecode.c.h; path = QcmTableViewController.h; sourceTree = "<group>"; };
		348A8E6B1CC6CB2400E4C3D5 /* QcmTableViewController.m */ = {isa = PBXFileReference; fileEncoding = 4; lastKnownFileType = sourcecode.c.objc; path = QcmTableViewController.m; sourceTree = "<group>"; };
		348E57CD1C8F21BF0082AEA4 /* CategoryQcmSQLiteAdapter.h */ = {isa = PBXFileReference; fileEncoding = 4; lastKnownFileType = sourcecode.c.h; name = CategoryQcmSQLiteAdapter.h; path = data/CategoryQcmSQLiteAdapter.h; sourceTree = "<group>"; };
		348E57CE1C8F21BF0082AEA4 /* CategoryQcmSQLiteAdapter.m */ = {isa = PBXFileReference; fileEncoding = 4; lastKnownFileType = sourcecode.c.objc; name = CategoryQcmSQLiteAdapter.m; path = data/CategoryQcmSQLiteAdapter.m; sourceTree = "<group>"; };
		34CEF0DB1C8DB21B000E9C13 /* myqcm.app */ = {isa = PBXFileReference; explicitFileType = wrapper.application; includeInIndex = 0; path = myqcm.app; sourceTree = BUILT_PRODUCTS_DIR; };
		34CEF0DF1C8DB21B000E9C13 /* main.m */ = {isa = PBXFileReference; lastKnownFileType = sourcecode.c.objc; path = main.m; sourceTree = "<group>"; };
		34CEF0E11C8DB21B000E9C13 /* AppDelegate.h */ = {isa = PBXFileReference; lastKnownFileType = sourcecode.c.h; path = AppDelegate.h; sourceTree = "<group>"; };
		34CEF0E21C8DB21B000E9C13 /* AppDelegate.m */ = {isa = PBXFileReference; lastKnownFileType = sourcecode.c.objc; path = AppDelegate.m; sourceTree = "<group>"; };
		34CEF0E41C8DB21B000E9C13 /* ViewController.h */ = {isa = PBXFileReference; lastKnownFileType = sourcecode.c.h; path = ViewController.h; sourceTree = "<group>"; };
		34CEF0E51C8DB21B000E9C13 /* ViewController.m */ = {isa = PBXFileReference; lastKnownFileType = sourcecode.c.objc; path = ViewController.m; sourceTree = "<group>"; };
		34CEF0E81C8DB21B000E9C13 /* Base */ = {isa = PBXFileReference; lastKnownFileType = file.storyboard; name = Base; path = Base.lproj/Main.storyboard; sourceTree = "<group>"; };
		34CEF0EB1C8DB21B000E9C13 /* myqcm.xcdatamodel */ = {isa = PBXFileReference; lastKnownFileType = wrapper.xcdatamodel; path = myqcm.xcdatamodel; sourceTree = "<group>"; };
		34CEF0ED1C8DB21B000E9C13 /* Assets.xcassets */ = {isa = PBXFileReference; lastKnownFileType = folder.assetcatalog; path = Assets.xcassets; sourceTree = "<group>"; };
		34CEF0F01C8DB21B000E9C13 /* Base */ = {isa = PBXFileReference; lastKnownFileType = file.storyboard; name = Base; path = Base.lproj/LaunchScreen.storyboard; sourceTree = "<group>"; };
		34CEF0F21C8DB21B000E9C13 /* Info.plist */ = {isa = PBXFileReference; lastKnownFileType = text.plist.xml; path = Info.plist; sourceTree = "<group>"; };
		34CEF0F71C8DB21B000E9C13 /* myqcmTests.xctest */ = {isa = PBXFileReference; explicitFileType = wrapper.cfbundle; includeInIndex = 0; path = myqcmTests.xctest; sourceTree = BUILT_PRODUCTS_DIR; };
		34CEF0FB1C8DB21B000E9C13 /* myqcmTests.m */ = {isa = PBXFileReference; lastKnownFileType = sourcecode.c.objc; path = myqcmTests.m; sourceTree = "<group>"; };
		34CEF0FD1C8DB21B000E9C13 /* Info.plist */ = {isa = PBXFileReference; lastKnownFileType = text.plist.xml; path = Info.plist; sourceTree = "<group>"; };
		34CEF1091C8DB6E2000E9C13 /* User.h */ = {isa = PBXFileReference; fileEncoding = 4; lastKnownFileType = sourcecode.c.h; name = User.h; path = entity/User.h; sourceTree = "<group>"; };
		34CEF10A1C8DB6E2000E9C13 /* User.m */ = {isa = PBXFileReference; fileEncoding = 4; lastKnownFileType = sourcecode.c.objc; name = User.m; path = entity/User.m; sourceTree = "<group>"; };
		34CEF10D1C8DB996000E9C13 /* Group.h */ = {isa = PBXFileReference; fileEncoding = 4; lastKnownFileType = sourcecode.c.h; name = Group.h; path = entity/Group.h; sourceTree = "<group>"; };
		34CEF10E1C8DB996000E9C13 /* Group.m */ = {isa = PBXFileReference; fileEncoding = 4; lastKnownFileType = sourcecode.c.objc; name = Group.m; path = entity/Group.m; sourceTree = "<group>"; };
		34CEF1131C8DBBE9000E9C13 /* CategoryQcm.h */ = {isa = PBXFileReference; fileEncoding = 4; lastKnownFileType = sourcecode.c.h; name = CategoryQcm.h; path = entity/CategoryQcm.h; sourceTree = "<group>"; };
		34CEF1141C8DBBE9000E9C13 /* CategoryQcm.m */ = {isa = PBXFileReference; fileEncoding = 4; lastKnownFileType = sourcecode.c.objc; name = CategoryQcm.m; path = entity/CategoryQcm.m; sourceTree = "<group>"; };
		34CEF1161C8DBCA5000E9C13 /* Qcm.h */ = {isa = PBXFileReference; fileEncoding = 4; lastKnownFileType = sourcecode.c.h; name = Qcm.h; path = entity/Qcm.h; sourceTree = "<group>"; };
		34CEF1171C8DBCA5000E9C13 /* Qcm.m */ = {isa = PBXFileReference; fileEncoding = 4; lastKnownFileType = sourcecode.c.objc; name = Qcm.m; path = entity/Qcm.m; sourceTree = "<group>"; };
		34CEF1191C8DBE62000E9C13 /* Question.h */ = {isa = PBXFileReference; fileEncoding = 4; lastKnownFileType = sourcecode.c.h; name = Question.h; path = entity/Question.h; sourceTree = "<group>"; };
		34CEF11A1C8DBE62000E9C13 /* Question.m */ = {isa = PBXFileReference; fileEncoding = 4; lastKnownFileType = sourcecode.c.objc; name = Question.m; path = entity/Question.m; sourceTree = "<group>"; };
		34CEF11C1C8DBF2A000E9C13 /* Answer.h */ = {isa = PBXFileReference; fileEncoding = 4; lastKnownFileType = sourcecode.c.h; name = Answer.h; path = entity/Answer.h; sourceTree = "<group>"; };
		34CEF11D1C8DBF2A000E9C13 /* Answer.m */ = {isa = PBXFileReference; fileEncoding = 4; lastKnownFileType = sourcecode.c.objc; name = Answer.m; path = entity/Answer.m; sourceTree = "<group>"; };
		34CEF11F1C8DC267000E9C13 /* QcmUser.h */ = {isa = PBXFileReference; fileEncoding = 4; lastKnownFileType = sourcecode.c.h; name = QcmUser.h; path = entity/QcmUser.h; sourceTree = "<group>"; };
		34CEF1201C8DC267000E9C13 /* QcmUser.m */ = {isa = PBXFileReference; fileEncoding = 4; lastKnownFileType = sourcecode.c.objc; name = QcmUser.m; path = entity/QcmUser.m; sourceTree = "<group>"; };
		34CEF1221C8DC7CD000E9C13 /* GroupSQLiteAdapter.h */ = {isa = PBXFileReference; fileEncoding = 4; lastKnownFileType = sourcecode.c.h; name = GroupSQLiteAdapter.h; path = data/GroupSQLiteAdapter.h; sourceTree = "<group>"; };
		34CEF1231C8DC7CD000E9C13 /* GroupSQLiteAdapter.m */ = {isa = PBXFileReference; fileEncoding = 4; lastKnownFileType = sourcecode.c.objc; name = GroupSQLiteAdapter.m; path = data/GroupSQLiteAdapter.m; sourceTree = "<group>"; };
		34CEF1281C8DD335000E9C13 /* UserSQLiteAdapter.h */ = {isa = PBXFileReference; fileEncoding = 4; lastKnownFileType = sourcecode.c.h; name = UserSQLiteAdapter.h; path = data/UserSQLiteAdapter.h; sourceTree = "<group>"; };
		34CEF1291C8DD335000E9C13 /* UserSQLiteAdapter.m */ = {isa = PBXFileReference; fileEncoding = 4; lastKnownFileType = sourcecode.c.objc; name = UserSQLiteAdapter.m; path = data/UserSQLiteAdapter.m; sourceTree = "<group>"; };
/* End PBXFileReference section */

/* Begin PBXFrameworksBuildPhase section */
		34CEF0D81C8DB21B000E9C13 /* Frameworks */ = {
			isa = PBXFrameworksBuildPhase;
			buildActionMask = 2147483647;
			files = (
			);
			runOnlyForDeploymentPostprocessing = 0;
		};
		34CEF0F41C8DB21B000E9C13 /* Frameworks */ = {
			isa = PBXFrameworksBuildPhase;
			buildActionMask = 2147483647;
			files = (
			);
			runOnlyForDeploymentPostprocessing = 0;
		};
/* End PBXFrameworksBuildPhase section */

/* Begin PBXGroup section */
		347373511CA1B4850039B05E /* webservice */ = {
			isa = PBXGroup;
			children = (
				347373521CA1B4CE0039B05E /* UserWebserviceAdapter.h */,
				347373531CA1B4CE0039B05E /* UserWebserviceAdapter.m */,
			);
			name = webservice;
			sourceTree = "<group>";
		};
		347373551CA1B6420039B05E /* libs */ = {
			isa = PBXGroup;
			children = (
				347373561CA1B7060039B05E /* AFNetworking */,
				347373641CA1B7060039B05E /* UIKit+AFNetworking */,
			);
			name = libs;
			sourceTree = "<group>";
		};
		347373561CA1B7060039B05E /* AFNetworking */ = {
			isa = PBXGroup;
			children = (
				347373571CA1B7060039B05E /* AFHTTPSessionManager.h */,
				347373581CA1B7060039B05E /* AFHTTPSessionManager.m */,
				347373591CA1B7060039B05E /* AFNetworking.h */,
				3473735A1CA1B7060039B05E /* AFNetworkReachabilityManager.h */,
				3473735B1CA1B7060039B05E /* AFNetworkReachabilityManager.m */,
				3473735C1CA1B7060039B05E /* AFSecurityPolicy.h */,
				3473735D1CA1B7060039B05E /* AFSecurityPolicy.m */,
				3473735E1CA1B7060039B05E /* AFURLRequestSerialization.h */,
				3473735F1CA1B7060039B05E /* AFURLRequestSerialization.m */,
				347373601CA1B7060039B05E /* AFURLResponseSerialization.h */,
				347373611CA1B7060039B05E /* AFURLResponseSerialization.m */,
				347373621CA1B7060039B05E /* AFURLSessionManager.h */,
				347373631CA1B7060039B05E /* AFURLSessionManager.m */,
			);
			name = AFNetworking;
			path = ../../../WSiia/WSiia/WSiia/libs/AFNetworking;
			sourceTree = "<group>";
		};
		347373641CA1B7060039B05E /* UIKit+AFNetworking */ = {
			isa = PBXGroup;
			children = (
				347373651CA1B7060039B05E /* AFAutoPurgingImageCache.h */,
				347373661CA1B7060039B05E /* AFAutoPurgingImageCache.m */,
				347373671CA1B7060039B05E /* AFImageDownloader.h */,
				347373681CA1B7060039B05E /* AFImageDownloader.m */,
				347373691CA1B7060039B05E /* AFNetworkActivityIndicatorManager.h */,
				3473736A1CA1B7060039B05E /* AFNetworkActivityIndicatorManager.m */,
				3473736B1CA1B7060039B05E /* UIActivityIndicatorView+AFNetworking.h */,
				3473736C1CA1B7060039B05E /* UIActivityIndicatorView+AFNetworking.m */,
				3473736D1CA1B7060039B05E /* UIButton+AFNetworking.h */,
				3473736E1CA1B7060039B05E /* UIButton+AFNetworking.m */,
				3473736F1CA1B7060039B05E /* UIImage+AFNetworking.h */,
				347373701CA1B7060039B05E /* UIImageView+AFNetworking.h */,
				347373711CA1B7060039B05E /* UIImageView+AFNetworking.m */,
				347373721CA1B7060039B05E /* UIKit+AFNetworking.h */,
				347373731CA1B7060039B05E /* UIProgressView+AFNetworking.h */,
				347373741CA1B7060039B05E /* UIProgressView+AFNetworking.m */,
				347373751CA1B7060039B05E /* UIRefreshControl+AFNetworking.h */,
				347373761CA1B7060039B05E /* UIRefreshControl+AFNetworking.m */,
				347373771CA1B7060039B05E /* UIWebView+AFNetworking.h */,
				347373781CA1B7060039B05E /* UIWebView+AFNetworking.m */,
			);
			name = "UIKit+AFNetworking";
			path = "../../../WSiia/WSiia/WSiia/libs/UIKit+AFNetworking";
			sourceTree = "<group>";
		};
		34CEF0D21C8DB21B000E9C13 = {
			isa = PBXGroup;
			children = (
				34CEF0DD1C8DB21B000E9C13 /* myqcm */,
				34CEF0FA1C8DB21B000E9C13 /* myqcmTests */,
				34CEF0DC1C8DB21B000E9C13 /* Products */,
			);
			sourceTree = "<group>";
		};
		34CEF0DC1C8DB21B000E9C13 /* Products */ = {
			isa = PBXGroup;
			children = (
				34CEF0DB1C8DB21B000E9C13 /* myqcm.app */,
				34CEF0F71C8DB21B000E9C13 /* myqcmTests.xctest */,
			);
			name = Products;
			sourceTree = "<group>";
		};
		34CEF0DD1C8DB21B000E9C13 /* myqcm */ = {
			isa = PBXGroup;
			children = (
				3484FDFB1CC94323007F9F86 /* unchecked.jpg */,
				3484FDF71CC93F2A007F9F86 /* checked.png */,
				347373551CA1B6420039B05E /* libs */,
				347373511CA1B4850039B05E /* webservice */,
				34CEF1081C8DB50C000E9C13 /* view */,
				34CEF1071C8DB502000E9C13 /* entity */,
				34CEF1061C8DB427000E9C13 /* data */,
				34CEF0E11C8DB21B000E9C13 /* AppDelegate.h */,
				34CEF0E21C8DB21B000E9C13 /* AppDelegate.m */,
				34CEF0E41C8DB21B000E9C13 /* ViewController.h */,
				34CEF0E51C8DB21B000E9C13 /* ViewController.m */,
				34CEF0E71C8DB21B000E9C13 /* Main.storyboard */,
				34CEF0ED1C8DB21B000E9C13 /* Assets.xcassets */,
				34CEF0EF1C8DB21B000E9C13 /* LaunchScreen.storyboard */,
				34CEF0F21C8DB21B000E9C13 /* Info.plist */,
				34CEF0EA1C8DB21B000E9C13 /* myqcm.xcdatamodeld */,
				34CEF0DE1C8DB21B000E9C13 /* Supporting Files */,
			);
			path = myqcm;
			sourceTree = "<group>";
		};
		34CEF0DE1C8DB21B000E9C13 /* Supporting Files */ = {
			isa = PBXGroup;
			children = (
				34CEF0DF1C8DB21B000E9C13 /* main.m */,
			);
			name = "Supporting Files";
			sourceTree = "<group>";
		};
		34CEF0FA1C8DB21B000E9C13 /* myqcmTests */ = {
			isa = PBXGroup;
			children = (
				34CEF0FB1C8DB21B000E9C13 /* myqcmTests.m */,
				34CEF0FD1C8DB21B000E9C13 /* Info.plist */,
			);
			path = myqcmTests;
			sourceTree = "<group>";
		};
		34CEF1061C8DB427000E9C13 /* data */ = {
			isa = PBXGroup;
			children = (
				34CEF1221C8DC7CD000E9C13 /* GroupSQLiteAdapter.h */,
				34CEF1231C8DC7CD000E9C13 /* GroupSQLiteAdapter.m */,
				34CEF1281C8DD335000E9C13 /* UserSQLiteAdapter.h */,
				34CEF1291C8DD335000E9C13 /* UserSQLiteAdapter.m */,
				348E57CD1C8F21BF0082AEA4 /* CategoryQcmSQLiteAdapter.h */,
				348E57CE1C8F21BF0082AEA4 /* CategoryQcmSQLiteAdapter.m */,
				34690A731C9071980026FCD8 /* QcmSQLiteAdapter.h */,
				34690A741C9071980026FCD8 /* QcmSQLiteAdapter.m */,
				3407149C1C99DC5800F6E2CF /* AnswerSQLiteAdapter.h */,
				3407149D1C99DC5800F6E2CF /* AnswerSQLiteAdapter.m */,
				3407149F1C99E78200F6E2CF /* QuestionSQLiteAdapter.h */,
				340714A01C99E78200F6E2CF /* QuestionSQLiteAdapter.m */,
				340714A21C99EF3100F6E2CF /* QcmUserSQLiteAdapter.h */,
				340714A31C99EF3100F6E2CF /* QcmUserSQLiteAdapter.m */,
			);
			name = data;
			sourceTree = "<group>";
		};
		34CEF1071C8DB502000E9C13 /* entity */ = {
			isa = PBXGroup;
			children = (
				34CEF1091C8DB6E2000E9C13 /* User.h */,
				34CEF10A1C8DB6E2000E9C13 /* User.m */,
				34CEF10D1C8DB996000E9C13 /* Group.h */,
				34CEF10E1C8DB996000E9C13 /* Group.m */,
				34CEF1131C8DBBE9000E9C13 /* CategoryQcm.h */,
				34CEF1141C8DBBE9000E9C13 /* CategoryQcm.m */,
				34CEF1161C8DBCA5000E9C13 /* Qcm.h */,
				34CEF1171C8DBCA5000E9C13 /* Qcm.m */,
				34CEF1191C8DBE62000E9C13 /* Question.h */,
				34CEF11A1C8DBE62000E9C13 /* Question.m */,
				34CEF11C1C8DBF2A000E9C13 /* Answer.h */,
				34CEF11D1C8DBF2A000E9C13 /* Answer.m */,
				34CEF11F1C8DC267000E9C13 /* QcmUser.h */,
				34CEF1201C8DC267000E9C13 /* QcmUser.m */,
			);
			name = entity;
			sourceTree = "<group>";
		};
		34CEF1081C8DB50C000E9C13 /* view */ = {
			isa = PBXGroup;
			children = (
				348A8E611CC6A34B00E4C3D5 /* CategoryQcmTableViewController.h */,
				348A8E621CC6A34B00E4C3D5 /* CategoryQcmTableViewController.m */,
				348A8E641CC6A49100E4C3D5 /* CategoryQcmTableViewCell.h */,
				348A8E651CC6A49100E4C3D5 /* CategoryQcmTableViewCell.m */,
				348A8E671CC6CAFA00E4C3D5 /* QcmTableViewCell.h */,
				348A8E681CC6CAFA00E4C3D5 /* QcmTableViewCell.m */,
				348A8E6A1CC6CB2400E4C3D5 /* QcmTableViewController.h */,
				348A8E6B1CC6CB2400E4C3D5 /* QcmTableViewController.m */,
				342ED3191CC7FA1F00AE19E5 /* QuestionViewController.h */,
				342ED31A1CC7FA1F00AE19E5 /* QuestionViewController.m */,
			);
			name = view;
			sourceTree = "<group>";
		};
/* End PBXGroup section */

/* Begin PBXNativeTarget section */
		34CEF0DA1C8DB21B000E9C13 /* myqcm */ = {
			isa = PBXNativeTarget;
			buildConfigurationList = 34CEF1001C8DB21B000E9C13 /* Build configuration list for PBXNativeTarget "myqcm" */;
			buildPhases = (
				34CEF0D71C8DB21B000E9C13 /* Sources */,
				34CEF0D81C8DB21B000E9C13 /* Frameworks */,
				34CEF0D91C8DB21B000E9C13 /* Resources */,
			);
			buildRules = (
			);
			dependencies = (
			);
			name = myqcm;
			productName = myqcm;
			productReference = 34CEF0DB1C8DB21B000E9C13 /* myqcm.app */;
			productType = "com.apple.product-type.application";
		};
		34CEF0F61C8DB21B000E9C13 /* myqcmTests */ = {
			isa = PBXNativeTarget;
			buildConfigurationList = 34CEF1031C8DB21B000E9C13 /* Build configuration list for PBXNativeTarget "myqcmTests" */;
			buildPhases = (
				34CEF0F31C8DB21B000E9C13 /* Sources */,
				34CEF0F41C8DB21B000E9C13 /* Frameworks */,
				34CEF0F51C8DB21B000E9C13 /* Resources */,
			);
			buildRules = (
			);
			dependencies = (
				34CEF0F91C8DB21B000E9C13 /* PBXTargetDependency */,
			);
			name = myqcmTests;
			productName = myqcmTests;
			productReference = 34CEF0F71C8DB21B000E9C13 /* myqcmTests.xctest */;
			productType = "com.apple.product-type.bundle.unit-test";
		};
/* End PBXNativeTarget section */

/* Begin PBXProject section */
		34CEF0D31C8DB21B000E9C13 /* Project object */ = {
			isa = PBXProject;
			attributes = {
				LastUpgradeCheck = 0720;
				ORGANIZATIONNAME = iia;
				TargetAttributes = {
					34CEF0DA1C8DB21B000E9C13 = {
						CreatedOnToolsVersion = 7.2;
						DevelopmentTeam = 2SM6EXM962;
					};
					34CEF0F61C8DB21B000E9C13 = {
						CreatedOnToolsVersion = 7.2;
						TestTargetID = 34CEF0DA1C8DB21B000E9C13;
					};
				};
			};
			buildConfigurationList = 34CEF0D61C8DB21B000E9C13 /* Build configuration list for PBXProject "myqcm" */;
			compatibilityVersion = "Xcode 3.2";
			developmentRegion = English;
			hasScannedForEncodings = 0;
			knownRegions = (
				en,
				Base,
			);
			mainGroup = 34CEF0D21C8DB21B000E9C13;
			productRefGroup = 34CEF0DC1C8DB21B000E9C13 /* Products */;
			projectDirPath = "";
			projectRoot = "";
			targets = (
				34CEF0DA1C8DB21B000E9C13 /* myqcm */,
				34CEF0F61C8DB21B000E9C13 /* myqcmTests */,
			);
		};
/* End PBXProject section */

/* Begin PBXResourcesBuildPhase section */
		34CEF0D91C8DB21B000E9C13 /* Resources */ = {
			isa = PBXResourcesBuildPhase;
			buildActionMask = 2147483647;
			files = (
				34CEF0F11C8DB21B000E9C13 /* LaunchScreen.storyboard in Resources */,
				34CEF0EE1C8DB21B000E9C13 /* Assets.xcassets in Resources */,
				3484FDF81CC93F2A007F9F86 /* checked.png in Resources */,
				3484FDFC1CC94323007F9F86 /* unchecked.jpg in Resources */,
				34CEF0E91C8DB21B000E9C13 /* Main.storyboard in Resources */,
			);
			runOnlyForDeploymentPostprocessing = 0;
		};
		34CEF0F51C8DB21B000E9C13 /* Resources */ = {
			isa = PBXResourcesBuildPhase;
			buildActionMask = 2147483647;
			files = (
			);
			runOnlyForDeploymentPostprocessing = 0;
		};
/* End PBXResourcesBuildPhase section */

/* Begin PBXSourcesBuildPhase section */
		34CEF0D71C8DB21B000E9C13 /* Sources */ = {
			isa = PBXSourcesBuildPhase;
			buildActionMask = 2147483647;
			files = (
				347373851CA1B7060039B05E /* UIProgressView+AFNetworking.m in Sources */,
				347373841CA1B7060039B05E /* UIImageView+AFNetworking.m in Sources */,
				3473737E1CA1B7060039B05E /* AFURLSessionManager.m in Sources */,
				348A8E661CC6A49100E4C3D5 /* CategoryQcmTableViewCell.m in Sources */,
				34CEF10B1C8DB6E2000E9C13 /* User.m in Sources */,
				347373801CA1B7060039B05E /* AFImageDownloader.m in Sources */,
				34CEF1181C8DBCA5000E9C13 /* Qcm.m in Sources */,
				340714A41C99EF3100F6E2CF /* QcmUserSQLiteAdapter.m in Sources */,
				34CEF0E61C8DB21B000E9C13 /* ViewController.m in Sources */,
				3407149E1C99DC5800F6E2CF /* AnswerSQLiteAdapter.m in Sources */,
				34CEF0EC1C8DB21B000E9C13 /* myqcm.xcdatamodeld in Sources */,
				347373871CA1B7060039B05E /* UIWebView+AFNetworking.m in Sources */,
				34CEF1211C8DC267000E9C13 /* QcmUser.m in Sources */,
				347373791CA1B7060039B05E /* AFHTTPSessionManager.m in Sources */,
				340714A11C99E78200F6E2CF /* QuestionSQLiteAdapter.m in Sources */,
				348A8E6C1CC6CB2400E4C3D5 /* QcmTableViewController.m in Sources */,
				34CEF10F1C8DB996000E9C13 /* Group.m in Sources */,
				347373811CA1B7060039B05E /* AFNetworkActivityIndicatorManager.m in Sources */,
				3473737A1CA1B7060039B05E /* AFNetworkReachabilityManager.m in Sources */,
				34CEF0E31C8DB21B000E9C13 /* AppDelegate.m in Sources */,
				34CEF11B1C8DBE62000E9C13 /* Question.m in Sources */,
				34CEF0E01C8DB21B000E9C13 /* main.m in Sources */,
				348E57CF1C8F21BF0082AEA4 /* CategoryQcmSQLiteAdapter.m in Sources */,
				34690A751C9071980026FCD8 /* QcmSQLiteAdapter.m in Sources */,
				34CEF12A1C8DD335000E9C13 /* UserSQLiteAdapter.m in Sources */,
				347373541CA1B4CE0039B05E /* UserWebserviceAdapter.m in Sources */,
				34CEF1151C8DBBE9000E9C13 /* CategoryQcm.m in Sources */,
				347373821CA1B7060039B05E /* UIActivityIndicatorView+AFNetworking.m in Sources */,
				34CEF11E1C8DBF2A000E9C13 /* Answer.m in Sources */,
				3473737F1CA1B7060039B05E /* AFAutoPurgingImageCache.m in Sources */,
				3473737C1CA1B7060039B05E /* AFURLRequestSerialization.m in Sources */,
				347373831CA1B7060039B05E /* UIButton+AFNetworking.m in Sources */,
				347373861CA1B7060039B05E /* UIRefreshControl+AFNetworking.m in Sources */,
				3473737B1CA1B7060039B05E /* AFSecurityPolicy.m in Sources */,
				348A8E691CC6CAFA00E4C3D5 /* QcmTableViewCell.m in Sources */,
				3473737D1CA1B7060039B05E /* AFURLResponseSerialization.m in Sources */,
				348A8E631CC6A34B00E4C3D5 /* CategoryQcmTableViewController.m in Sources */,
				34CEF1241C8DC7CD000E9C13 /* GroupSQLiteAdapter.m in Sources */,
				342ED31B1CC7FA1F00AE19E5 /* QuestionViewController.m in Sources */,
			);
			runOnlyForDeploymentPostprocessing = 0;
		};
		34CEF0F31C8DB21B000E9C13 /* Sources */ = {
			isa = PBXSourcesBuildPhase;
			buildActionMask = 2147483647;
			files = (
				34CEF0FC1C8DB21B000E9C13 /* myqcmTests.m in Sources */,
			);
			runOnlyForDeploymentPostprocessing = 0;
		};
/* End PBXSourcesBuildPhase section */

/* Begin PBXTargetDependency section */
		34CEF0F91C8DB21B000E9C13 /* PBXTargetDependency */ = {
			isa = PBXTargetDependency;
			target = 34CEF0DA1C8DB21B000E9C13 /* myqcm */;
			targetProxy = 34CEF0F81C8DB21B000E9C13 /* PBXContainerItemProxy */;
		};
/* End PBXTargetDependency section */

/* Begin PBXVariantGroup section */
		34CEF0E71C8DB21B000E9C13 /* Main.storyboard */ = {
			isa = PBXVariantGroup;
			children = (
				34CEF0E81C8DB21B000E9C13 /* Base */,
			);
			name = Main.storyboard;
			sourceTree = "<group>";
		};
		34CEF0EF1C8DB21B000E9C13 /* LaunchScreen.storyboard */ = {
			isa = PBXVariantGroup;
			children = (
				34CEF0F01C8DB21B000E9C13 /* Base */,
			);
			name = LaunchScreen.storyboard;
			sourceTree = "<group>";
		};
/* End PBXVariantGroup section */

/* Begin XCBuildConfiguration section */
		34CEF0FE1C8DB21B000E9C13 /* Debug */ = {
			isa = XCBuildConfiguration;
			buildSettings = {
				ALWAYS_SEARCH_USER_PATHS = NO;
				CLANG_CXX_LANGUAGE_STANDARD = "gnu++0x";
				CLANG_CXX_LIBRARY = "libc++";
				CLANG_ENABLE_MODULES = YES;
				CLANG_ENABLE_OBJC_ARC = YES;
				CLANG_WARN_BOOL_CONVERSION = YES;
				CLANG_WARN_CONSTANT_CONVERSION = YES;
				CLANG_WARN_DIRECT_OBJC_ISA_USAGE = YES_ERROR;
				CLANG_WARN_EMPTY_BODY = YES;
				CLANG_WARN_ENUM_CONVERSION = YES;
				CLANG_WARN_INT_CONVERSION = YES;
				CLANG_WARN_OBJC_ROOT_CLASS = YES_ERROR;
				CLANG_WARN_UNREACHABLE_CODE = YES;
				CLANG_WARN__DUPLICATE_METHOD_MATCH = YES;
				"CODE_SIGN_IDENTITY[sdk=iphoneos*]" = "iPhone Developer";
				COPY_PHASE_STRIP = NO;
				DEBUG_INFORMATION_FORMAT = dwarf;
				ENABLE_STRICT_OBJC_MSGSEND = YES;
				ENABLE_TESTABILITY = YES;
				GCC_C_LANGUAGE_STANDARD = gnu99;
				GCC_DYNAMIC_NO_PIC = NO;
				GCC_NO_COMMON_BLOCKS = YES;
				GCC_OPTIMIZATION_LEVEL = 0;
				GCC_PREPROCESSOR_DEFINITIONS = (
					"DEBUG=1",
					"$(inherited)",
				);
				GCC_WARN_64_TO_32_BIT_CONVERSION = YES;
				GCC_WARN_ABOUT_RETURN_TYPE = YES_ERROR;
				GCC_WARN_UNDECLARED_SELECTOR = YES;
				GCC_WARN_UNINITIALIZED_AUTOS = YES_AGGRESSIVE;
				GCC_WARN_UNUSED_FUNCTION = YES;
				GCC_WARN_UNUSED_VARIABLE = YES;
				IPHONEOS_DEPLOYMENT_TARGET = 9.2;
				MTL_ENABLE_DEBUG_INFO = YES;
				ONLY_ACTIVE_ARCH = YES;
				SDKROOT = iphoneos;
			};
			name = Debug;
		};
		34CEF0FF1C8DB21B000E9C13 /* Release */ = {
			isa = XCBuildConfiguration;
			buildSettings = {
				ALWAYS_SEARCH_USER_PATHS = NO;
				CLANG_CXX_LANGUAGE_STANDARD = "gnu++0x";
				CLANG_CXX_LIBRARY = "libc++";
				CLANG_ENABLE_MODULES = YES;
				CLANG_ENABLE_OBJC_ARC = YES;
				CLANG_WARN_BOOL_CONVERSION = YES;
				CLANG_WARN_CONSTANT_CONVERSION = YES;
				CLANG_WARN_DIRECT_OBJC_ISA_USAGE = YES_ERROR;
				CLANG_WARN_EMPTY_BODY = YES;
				CLANG_WARN_ENUM_CONVERSION = YES;
				CLANG_WARN_INT_CONVERSION = YES;
				CLANG_WARN_OBJC_ROOT_CLASS = YES_ERROR;
				CLANG_WARN_UNREACHABLE_CODE = YES;
				CLANG_WARN__DUPLICATE_METHOD_MATCH = YES;
				"CODE_SIGN_IDENTITY[sdk=iphoneos*]" = "iPhone Developer";
				COPY_PHASE_STRIP = NO;
				DEBUG_INFORMATION_FORMAT = "dwarf-with-dsym";
				ENABLE_NS_ASSERTIONS = NO;
				ENABLE_STRICT_OBJC_MSGSEND = YES;
				GCC_C_LANGUAGE_STANDARD = gnu99;
				GCC_NO_COMMON_BLOCKS = YES;
				GCC_WARN_64_TO_32_BIT_CONVERSION = YES;
				GCC_WARN_ABOUT_RETURN_TYPE = YES_ERROR;
				GCC_WARN_UNDECLARED_SELECTOR = YES;
				GCC_WARN_UNINITIALIZED_AUTOS = YES_AGGRESSIVE;
				GCC_WARN_UNUSED_FUNCTION = YES;
				GCC_WARN_UNUSED_VARIABLE = YES;
				IPHONEOS_DEPLOYMENT_TARGET = 9.2;
				MTL_ENABLE_DEBUG_INFO = NO;
				SDKROOT = iphoneos;
				VALIDATE_PRODUCT = YES;
			};
			name = Release;
		};
		34CEF1011C8DB21B000E9C13 /* Debug */ = {
			isa = XCBuildConfiguration;
			buildSettings = {
				ASSETCATALOG_COMPILER_APPICON_NAME = AppIcon;
				CODE_SIGN_IDENTITY = "iPhone Developer";
				"CODE_SIGN_IDENTITY[sdk=iphoneos*]" = "iPhone Developer";
				INFOPLIST_FILE = myqcm/Info.plist;
				LD_RUNPATH_SEARCH_PATHS = "$(inherited) @executable_path/Frameworks";
				PRODUCT_BUNDLE_IDENTIFIER = com.iia.myqcm;
				PRODUCT_NAME = "$(TARGET_NAME)";
				PROVISIONING_PROFILE = "";
			};
			name = Debug;
		};
		34CEF1021C8DB21B000E9C13 /* Release */ = {
			isa = XCBuildConfiguration;
			buildSettings = {
				ASSETCATALOG_COMPILER_APPICON_NAME = AppIcon;
				CODE_SIGN_IDENTITY = "iPhone Developer";
				"CODE_SIGN_IDENTITY[sdk=iphoneos*]" = "iPhone Developer";
				INFOPLIST_FILE = myqcm/Info.plist;
				LD_RUNPATH_SEARCH_PATHS = "$(inherited) @executable_path/Frameworks";
				PRODUCT_BUNDLE_IDENTIFIER = com.iia.myqcm;
				PRODUCT_NAME = "$(TARGET_NAME)";
				PROVISIONING_PROFILE = "";
			};
			name = Release;
		};
		34CEF1041C8DB21B000E9C13 /* Debug */ = {
			isa = XCBuildConfiguration;
			buildSettings = {
				BUNDLE_LOADER = "$(TEST_HOST)";
				INFOPLIST_FILE = myqcmTests/Info.plist;
				LD_RUNPATH_SEARCH_PATHS = "$(inherited) @executable_path/Frameworks @loader_path/Frameworks";
				PRODUCT_BUNDLE_IDENTIFIER = com.iia.myqcmTests;
				PRODUCT_NAME = "$(TARGET_NAME)";
				TEST_HOST = "$(BUILT_PRODUCTS_DIR)/myqcm.app/myqcm";
			};
			name = Debug;
		};
		34CEF1051C8DB21B000E9C13 /* Release */ = {
			isa = XCBuildConfiguration;
			buildSettings = {
				BUNDLE_LOADER = "$(TEST_HOST)";
				INFOPLIST_FILE = myqcmTests/Info.plist;
				LD_RUNPATH_SEARCH_PATHS = "$(inherited) @executable_path/Frameworks @loader_path/Frameworks";
				PRODUCT_BUNDLE_IDENTIFIER = com.iia.myqcmTests;
				PRODUCT_NAME = "$(TARGET_NAME)";
				TEST_HOST = "$(BUILT_PRODUCTS_DIR)/myqcm.app/myqcm";
			};
			name = Release;
		};
/* End XCBuildConfiguration section */

/* Begin XCConfigurationList section */
		34CEF0D61C8DB21B000E9C13 /* Build configuration list for PBXProject "myqcm" */ = {
			isa = XCConfigurationList;
			buildConfigurations = (
				34CEF0FE1C8DB21B000E9C13 /* Debug */,
				34CEF0FF1C8DB21B000E9C13 /* Release */,
			);
			defaultConfigurationIsVisible = 0;
			defaultConfigurationName = Release;
		};
		34CEF1001C8DB21B000E9C13 /* Build configuration list for PBXNativeTarget "myqcm" */ = {
			isa = XCConfigurationList;
			buildConfigurations = (
				34CEF1011C8DB21B000E9C13 /* Debug */,
				34CEF1021C8DB21B000E9C13 /* Release */,
			);
			defaultConfigurationIsVisible = 0;
			defaultConfigurationName = Release;
		};
		34CEF1031C8DB21B000E9C13 /* Build configuration list for PBXNativeTarget "myqcmTests" */ = {
			isa = XCConfigurationList;
			buildConfigurations = (
				34CEF1041C8DB21B000E9C13 /* Debug */,
				34CEF1051C8DB21B000E9C13 /* Release */,
			);
			defaultConfigurationIsVisible = 0;
			defaultConfigurationName = Release;
		};
/* End XCConfigurationList section */

/* Begin XCVersionGroup section */
		34CEF0EA1C8DB21B000E9C13 /* myqcm.xcdatamodeld */ = {
			isa = XCVersionGroup;
			children = (
				34CEF0EB1C8DB21B000E9C13 /* myqcm.xcdatamodel */,
			);
			currentVersion = 34CEF0EB1C8DB21B000E9C13 /* myqcm.xcdatamodel */;
			path = myqcm.xcdatamodeld;
			sourceTree = "<group>";
			versionGroupType = wrapper.xcdatamodel;
		};
/* End XCVersionGroup section */
	};
	rootObject = 34CEF0D31C8DB21B000E9C13 /* Project object */;
}
